
Microsoft Visual Studio Solution File, Format Version 12.00
# Visual Studio Version 16
VisualStudioVersion = 16.0.30711.63
MinimumVisualStudioVersion = 10.0.40219.1
Project("{9A19103F-16F7-4668-BE54-9A1E7A4F7556}") = "Jack.TimerTask.Quartz", "Jack.TimerTask.Quartz.csproj", "{75E3D3B1-1283-44A7-A7F7-E6E13A3B5077}"
EndProject
Global
	GlobalSection(SolutionConfigurationPlatforms) = preSolution
		Debug|Any CPU = Debug|Any CPU
		Release|Any CPU = Release|Any CPU
	EndGlobalSection
	GlobalSection(ProjectConfigurationPlatforms) = postSolution
		{75E3D3B1-1283-44A7-A7F7-E6E13A3B5077}.Debug|Any CPU.ActiveCfg = Debug|Any CPU
		{75E3D3B1-1283-44A7-A7F7-E6E13A3B5077}.Debug|Any CPU.Build.0 = Debug|Any CPU
		{75E3D3B1-1283-44A7-A7F7-E6E13A3B5077}.Release|Any CPU.ActiveCfg = Release|Any CPU
		{75E3D3B1-1283-44A7-A7F7-E6E13A3B5077}.Release|Any CPU.Build.0 = Release|Any CPU
	EndGlobalSection
	GlobalSection(SolutionProperties) = preSolution
		HideSolutionNode = FALSE
	EndGlobalSection
	GlobalSection(ExtensibilityGlobals) = postSolution
		SolutionGuid = {7A057BE2-ECB6-48BD-9A9D-9C32529F8CFD}
	EndGlobalSection
EndGlobal
